
Microsoft Visual Studio Solution File, Format Version 12.00
# Visual Studio 15
VisualStudioVersion = 15.0.27130.2010
MinimumVisualStudioVersion = 10.0.40219.1
Project("{FAE04EC0-301F-11D3-BF4B-00C04F79EFBC}") = "AdmVendas", "AdmVendas\AdmVendas.csproj", "{3FE0907B-C7BF-46B5-B6A4-57A3C48ABB11}"
EndProject
Project("{FAE04EC0-301F-11D3-BF4B-00C04F79EFBC}") = "DAO", "DAO\DAO.csproj", "{EFE1FC77-D8EF-42EA-AEFD-A85AE66E43AD}"
EndProject
Global
	GlobalSection(SolutionConfigurationPlatforms) = preSolution
		Debug|Any CPU = Debug|Any CPU
		Release|Any CPU = Release|Any CPU
	EndGlobalSection
	GlobalSection(ProjectConfigurationPlatforms) = postSolution
		{3FE0907B-C7BF-46B5-B6A4-57A3C48ABB11}.Debug|Any CPU.ActiveCfg = Debug|Any CPU
		{3FE0907B-C7BF-46B5-B6A4-57A3C48ABB11}.Debug|Any CPU.Build.0 = Debug|Any CPU
		{3FE0907B-C7BF-46B5-B6A4-57A3C48ABB11}.Release|Any CPU.ActiveCfg = Release|Any CPU
		{3FE0907B-C7BF-46B5-B6A4-57A3C48ABB11}.Release|Any CPU.Build.0 = Release|Any CPU
		{EFE1FC77-D8EF-42EA-AEFD-A85AE66E43AD}.Debug|Any CPU.ActiveCfg = Debug|Any CPU
		{EFE1FC77-D8EF-42EA-AEFD-A85AE66E43AD}.Debug|Any CPU.Build.0 = Debug|Any CPU
		{EFE1FC77-D8EF-42EA-AEFD-A85AE66E43AD}.Release|Any CPU.ActiveCfg = Release|Any CPU
		{EFE1FC77-D8EF-42EA-AEFD-A85AE66E43AD}.Release|Any CPU.Build.0 = Release|Any CPU
	EndGlobalSection
	GlobalSection(SolutionProperties) = preSolution
		HideSolutionNode = FALSE
	EndGlobalSection
	GlobalSection(ExtensibilityGlobals) = postSolution
		SolutionGuid = {A8C73923-89BC-47B8-ADB7-7B92B2F5F530}
	EndGlobalSection
EndGlobal
